
Microsoft Visual Studio Solution File, Format Version 12.00
# Visual Studio Version 17
VisualStudioVersion = 17.0.31710.8
MinimumVisualStudioVersion = 10.0.40219.1
Project("{9A19103F-16F7-4668-BE54-9A1E7A4F7556}") = "Buk.Gaming.Web", "src\Buk.Gaming.Web\Buk.Gaming.Web.csproj", "{BEB034CD-7C62-4933-97B6-F0DE2730F42B}"
EndProject
Project("{9A19103F-16F7-4668-BE54-9A1E7A4F7556}") = "Buk.Gaming.Store", "src\Buk.Gaming.Store\Buk.Gaming.Store.csproj", "{390C98A5-E5CB-4CED-9CEE-643672E5D9E9}"
EndProject
Project("{2150E333-8FDC-42A3-9474-1A3956D46DE8}") = "Store", "Store", "{F3859CC8-26D7-4BE6-BD24-E499C666A782}"
EndProject
Project("{9A19103F-16F7-4668-BE54-9A1E7A4F7556}") = "Buk.Gaming", "src\Buk.Gaming\Buk.Gaming.csproj", "{6D614E81-A235-45D7-B5BF-B74FE67618C0}"
EndProject
Project("{2150E333-8FDC-42A3-9474-1A3956D46DE8}") = "Application", "Application", "{0FB5FD16-8F7F-4FB2-8F40-40D2099A9AD5}"
EndProject
Project("{9A19103F-16F7-4668-BE54-9A1E7A4F7556}") = "Buk.Gaming.Sanity", "src\Buk.Gaming.Sanity\Buk.Gaming.Sanity.csproj", "{935B9D78-3A9E-48B9-A057-0FEBDAE18F35}"
EndProject
Project("{9A19103F-16F7-4668-BE54-9A1E7A4F7556}") = "Buk.Gaming.Toornament", "src\Buk.Gaming.Toornament\Buk.Gaming.Toornament.csproj", "{16FD357B-D4A3-4C44-A20E-5CE1AECF9816}"
EndProject
Project("{2150E333-8FDC-42A3-9474-1A3956D46DE8}") = "Tests", "Tests", "{BB2E5C2B-5303-41B6-ADFB-96B0FB386D80}"
EndProject
Project("{9A19103F-16F7-4668-BE54-9A1E7A4F7556}") = "Buk.Gaming.IntegrationTests", "tests\Buk.Gaming.IntegrationTests\Buk.Gaming.IntegrationTests.csproj", "{63532369-255C-4FF1-BCBB-D4695312CB32}"
EndProject
Global
	GlobalSection(SolutionConfigurationPlatforms) = preSolution
		Debug|Any CPU = Debug|Any CPU
		Release|Any CPU = Release|Any CPU
	EndGlobalSection
	GlobalSection(ProjectConfigurationPlatforms) = postSolution
		{BEB034CD-7C62-4933-97B6-F0DE2730F42B}.Debug|Any CPU.ActiveCfg = Debug|Any CPU
		{BEB034CD-7C62-4933-97B6-F0DE2730F42B}.Debug|Any CPU.Build.0 = Debug|Any CPU
		{BEB034CD-7C62-4933-97B6-F0DE2730F42B}.Release|Any CPU.ActiveCfg = Release|Any CPU
		{BEB034CD-7C62-4933-97B6-F0DE2730F42B}.Release|Any CPU.Build.0 = Release|Any CPU
		{390C98A5-E5CB-4CED-9CEE-643672E5D9E9}.Debug|Any CPU.ActiveCfg = Debug|Any CPU
		{390C98A5-E5CB-4CED-9CEE-643672E5D9E9}.Debug|Any CPU.Build.0 = Debug|Any CPU
		{390C98A5-E5CB-4CED-9CEE-643672E5D9E9}.Release|Any CPU.ActiveCfg = Release|Any CPU
		{390C98A5-E5CB-4CED-9CEE-643672E5D9E9}.Release|Any CPU.Build.0 = Release|Any CPU
		{6D614E81-A235-45D7-B5BF-B74FE67618C0}.Debug|Any CPU.ActiveCfg = Debug|Any CPU
		{6D614E81-A235-45D7-B5BF-B74FE67618C0}.Debug|Any CPU.Build.0 = Debug|Any CPU
		{6D614E81-A235-45D7-B5BF-B74FE67618C0}.Release|Any CPU.ActiveCfg = Release|Any CPU
		{6D614E81-A235-45D7-B5BF-B74FE67618C0}.Release|Any CPU.Build.0 = Release|Any CPU
		{935B9D78-3A9E-48B9-A057-0FEBDAE18F35}.Debug|Any CPU.ActiveCfg = Debug|Any CPU
		{935B9D78-3A9E-48B9-A057-0FEBDAE18F35}.Debug|Any CPU.Build.0 = Debug|Any CPU
		{935B9D78-3A9E-48B9-A057-0FEBDAE18F35}.Release|Any CPU.ActiveCfg = Release|Any CPU
		{935B9D78-3A9E-48B9-A057-0FEBDAE18F35}.Release|Any CPU.Build.0 = Release|Any CPU
		{16FD357B-D4A3-4C44-A20E-5CE1AECF9816}.Debug|Any CPU.ActiveCfg = Debug|Any CPU
		{16FD357B-D4A3-4C44-A20E-5CE1AECF9816}.Debug|Any CPU.Build.0 = Debug|Any CPU
		{16FD357B-D4A3-4C44-A20E-5CE1AECF9816}.Release|Any CPU.ActiveCfg = Release|Any CPU
		{16FD357B-D4A3-4C44-A20E-5CE1AECF9816}.Release|Any CPU.Build.0 = Release|Any CPU
		{63532369-255C-4FF1-BCBB-D4695312CB32}.Debug|Any CPU.ActiveCfg = Debug|Any CPU
		{63532369-255C-4FF1-BCBB-D4695312CB32}.Debug|Any CPU.Build.0 = Debug|Any CPU
		{63532369-255C-4FF1-BCBB-D4695312CB32}.Release|Any CPU.ActiveCfg = Release|Any CPU
		{63532369-255C-4FF1-BCBB-D4695312CB32}.Release|Any CPU.Build.0 = Release|Any CPU
	EndGlobalSection
	GlobalSection(SolutionProperties) = preSolution
		HideSolutionNode = FALSE
	EndGlobalSection
	GlobalSection(NestedProjects) = preSolution
		{390C98A5-E5CB-4CED-9CEE-643672E5D9E9} = {F3859CC8-26D7-4BE6-BD24-E499C666A782}
		{6D614E81-A235-45D7-B5BF-B74FE67618C0} = {0FB5FD16-8F7F-4FB2-8F40-40D2099A9AD5}
		{935B9D78-3A9E-48B9-A057-0FEBDAE18F35} = {F3859CC8-26D7-4BE6-BD24-E499C666A782}
		{16FD357B-D4A3-4C44-A20E-5CE1AECF9816} = {F3859CC8-26D7-4BE6-BD24-E499C666A782}
		{63532369-255C-4FF1-BCBB-D4695312CB32} = {BB2E5C2B-5303-41B6-ADFB-96B0FB386D80}
	EndGlobalSection
	GlobalSection(ExtensibilityGlobals) = postSolution
		SolutionGuid = {3F3D7E3F-DB57-4485-BBAC-523094B2FC97}
	EndGlobalSection
EndGlobal
